// !$*UTF8*$!
{
	archiveVersion = 1;
	classes = {
	};
	objectVersion = 50;
	objects = {

/* Begin PBXBuildFile section */
		709183986ACC8BD59E334C05 /* Pods_WebRTCTestApp.framework in Frameworks */ = {isa = PBXBuildFile; fileRef = 83915666F534875F0D952541 /* Pods_WebRTCTestApp.framework */; };
		873014A520D9EEB60057F875 /* AppDelegate.swift in Sources */ = {isa = PBXBuildFile; fileRef = 873014A420D9EEB60057F875 /* AppDelegate.swift */; };
		873014A720D9EEB60057F875 /* ViewController.swift in Sources */ = {isa = PBXBuildFile; fileRef = 873014A620D9EEB60057F875 /* ViewController.swift */; };
		873014AA20D9EEB60057F875 /* Main.storyboard in Resources */ = {isa = PBXBuildFile; fileRef = 873014A820D9EEB60057F875 /* Main.storyboard */; };
		873014AC20D9EEB80057F875 /* Assets.xcassets in Resources */ = {isa = PBXBuildFile; fileRef = 873014AB20D9EEB80057F875 /* Assets.xcassets */; };
		873014AF20D9EEB80057F875 /* LaunchScreen.storyboard in Resources */ = {isa = PBXBuildFile; fileRef = 873014AD20D9EEB80057F875 /* LaunchScreen.storyboard */; };
		873014BA20D9EEB80057F875 /* WebRTCTestAppTests.swift in Sources */ = {isa = PBXBuildFile; fileRef = 873014B920D9EEB80057F875 /* WebRTCTestAppTests.swift */; };
		873014C520D9EEB80057F875 /* WebRTCTestAppUITests.swift in Sources */ = {isa = PBXBuildFile; fileRef = 873014C420D9EEB80057F875 /* WebRTCTestAppUITests.swift */; };
		D148411E96041BDE5CB69668 /* Pods_WebRTCTestAppTests.framework in Frameworks */ = {isa = PBXBuildFile; fileRef = CFAF257377DAA74E638A0AB7 /* Pods_WebRTCTestAppTests.framework */; };
		FFCAE987E578AE500B07161F /* Pods_WebRTCTestAppUITests.framework in Frameworks */ = {isa = PBXBuildFile; fileRef = 3107A08CA61C80105DEC7490 /* Pods_WebRTCTestAppUITests.framework */; };
/* End PBXBuildFile section */

/* Begin PBXContainerItemProxy section */
		873014B620D9EEB80057F875 /* PBXContainerItemProxy */ = {
			isa = PBXContainerItemProxy;
			containerPortal = 8730149920D9EEB60057F875 /* Project object */;
			proxyType = 1;
			remoteGlobalIDString = 873014A020D9EEB60057F875;
			remoteInfo = WebRTCTestApp;
		};
		873014C120D9EEB80057F875 /* PBXContainerItemProxy */ = {
			isa = PBXContainerItemProxy;
			containerPortal = 8730149920D9EEB60057F875 /* Project object */;
			proxyType = 1;
			remoteGlobalIDString = 873014A020D9EEB60057F875;
			remoteInfo = WebRTCTestApp;
		};
/* End PBXContainerItemProxy section */

/* Begin PBXFileReference section */
		23B1E60968CC122B07366D5C /* Pods-WebRTCTestApp.release.xcconfig */ = {isa = PBXFileReference; includeInIndex = 1; lastKnownFileType = text.xcconfig; name = "Pods-WebRTCTestApp.release.xcconfig"; path = "Pods/Target Support Files/Pods-WebRTCTestApp/Pods-WebRTCTestApp.release.xcconfig"; sourceTree = "<group>"; };
		3107A08CA61C80105DEC7490 /* Pods_WebRTCTestAppUITests.framework */ = {isa = PBXFileReference; explicitFileType = wrapper.framework; includeInIndex = 0; path = Pods_WebRTCTestAppUITests.framework; sourceTree = BUILT_PRODUCTS_DIR; };
		354CFBCE690509E139D245CC /* Pods-WebRTCTestApp.debug.xcconfig */ = {isa = PBXFileReference; includeInIndex = 1; lastKnownFileType = text.xcconfig; name = "Pods-WebRTCTestApp.debug.xcconfig"; path = "Pods/Target Support Files/Pods-WebRTCTestApp/Pods-WebRTCTestApp.debug.xcconfig"; sourceTree = "<group>"; };
		435AC6F9C6E7ED46B96E153E /* Pods-WebRTCTestAppUITests.release.xcconfig */ = {isa = PBXFileReference; includeInIndex = 1; lastKnownFileType = text.xcconfig; name = "Pods-WebRTCTestAppUITests.release.xcconfig"; path = "Pods/Target Support Files/Pods-WebRTCTestAppUITests/Pods-WebRTCTestAppUITests.release.xcconfig"; sourceTree = "<group>"; };
		83915666F534875F0D952541 /* Pods_WebRTCTestApp.framework */ = {isa = PBXFileReference; explicitFileType = wrapper.framework; includeInIndex = 0; path = Pods_WebRTCTestApp.framework; sourceTree = BUILT_PRODUCTS_DIR; };
		873014A120D9EEB60057F875 /* WebRTCTestApp.app */ = {isa = PBXFileReference; explicitFileType = wrapper.application; includeInIndex = 0; path = WebRTCTestApp.app; sourceTree = BUILT_PRODUCTS_DIR; };
		873014A420D9EEB60057F875 /* AppDelegate.swift */ = {isa = PBXFileReference; lastKnownFileType = sourcecode.swift; path = AppDelegate.swift; sourceTree = "<group>"; };
		873014A620D9EEB60057F875 /* ViewController.swift */ = {isa = PBXFileReference; lastKnownFileType = sourcecode.swift; path = ViewController.swift; sourceTree = "<group>"; };
		873014A920D9EEB60057F875 /* Base */ = {isa = PBXFileReference; lastKnownFileType = file.storyboard; name = Base; path = Base.lproj/Main.storyboard; sourceTree = "<group>"; };
		873014AB20D9EEB80057F875 /* Assets.xcassets */ = {isa = PBXFileReference; lastKnownFileType = folder.assetcatalog; path = Assets.xcassets; sourceTree = "<group>"; };
		873014AE20D9EEB80057F875 /* Base */ = {isa = PBXFileReference; lastKnownFileType = file.storyboard; name = Base; path = Base.lproj/LaunchScreen.storyboard; sourceTree = "<group>"; };
		873014B020D9EEB80057F875 /* Info.plist */ = {isa = PBXFileReference; lastKnownFileType = text.plist.xml; path = Info.plist; sourceTree = "<group>"; };
		873014B520D9EEB80057F875 /* WebRTCTestAppTests.xctest */ = {isa = PBXFileReference; explicitFileType = wrapper.cfbundle; includeInIndex = 0; path = WebRTCTestAppTests.xctest; sourceTree = BUILT_PRODUCTS_DIR; };
		873014B920D9EEB80057F875 /* WebRTCTestAppTests.swift */ = {isa = PBXFileReference; lastKnownFileType = sourcecode.swift; path = WebRTCTestAppTests.swift; sourceTree = "<group>"; };
		873014BB20D9EEB80057F875 /* Info.plist */ = {isa = PBXFileReference; lastKnownFileType = text.plist.xml; path = Info.plist; sourceTree = "<group>"; };
		873014C020D9EEB80057F875 /* WebRTCTestAppUITests.xctest */ = {isa = PBXFileReference; explicitFileType = wrapper.cfbundle; includeInIndex = 0; path = WebRTCTestAppUITests.xctest; sourceTree = BUILT_PRODUCTS_DIR; };
		873014C420D9EEB80057F875 /* WebRTCTestAppUITests.swift */ = {isa = PBXFileReference; lastKnownFileType = sourcecode.swift; path = WebRTCTestAppUITests.swift; sourceTree = "<group>"; };
		873014C620D9EEB80057F875 /* Info.plist */ = {isa = PBXFileReference; lastKnownFileType = text.plist.xml; path = Info.plist; sourceTree = "<group>"; };
		937C45A7A4CFC216E015C7DC /* Pods-WebRTCTestAppTests.release.xcconfig */ = {isa = PBXFileReference; includeInIndex = 1; lastKnownFileType = text.xcconfig; name = "Pods-WebRTCTestAppTests.release.xcconfig"; path = "Pods/Target Support Files/Pods-WebRTCTestAppTests/Pods-WebRTCTestAppTests.release.xcconfig"; sourceTree = "<group>"; };
		94884E371CEC9B53203B1812 /* Pods-WebRTCTestAppTests.debug.xcconfig */ = {isa = PBXFileReference; includeInIndex = 1; lastKnownFileType = text.xcconfig; name = "Pods-WebRTCTestAppTests.debug.xcconfig"; path = "Pods/Target Support Files/Pods-WebRTCTestAppTests/Pods-WebRTCTestAppTests.debug.xcconfig"; sourceTree = "<group>"; };
		A48B99AF6D74A37A8CF4E7B1 /* Pods-WebRTCTestAppUITests.debug.xcconfig */ = {isa = PBXFileReference; includeInIndex = 1; lastKnownFileType = text.xcconfig; name = "Pods-WebRTCTestAppUITests.debug.xcconfig"; path = "Pods/Target Support Files/Pods-WebRTCTestAppUITests/Pods-WebRTCTestAppUITests.debug.xcconfig"; sourceTree = "<group>"; };
		CFAF257377DAA74E638A0AB7 /* Pods_WebRTCTestAppTests.framework */ = {isa = PBXFileReference; explicitFileType = wrapper.framework; includeInIndex = 0; path = Pods_WebRTCTestAppTests.framework; sourceTree = BUILT_PRODUCTS_DIR; };
/* End PBXFileReference section */

/* Begin PBXFrameworksBuildPhase section */
		8730149E20D9EEB60057F875 /* Frameworks */ = {
			isa = PBXFrameworksBuildPhase;
			buildActionMask = 2147483647;
			files = (
				709183986ACC8BD59E334C05 /* Pods_WebRTCTestApp.framework in Frameworks */,
			);
			runOnlyForDeploymentPostprocessing = 0;
		};
		873014B220D9EEB80057F875 /* Frameworks */ = {
			isa = PBXFrameworksBuildPhase;
			buildActionMask = 2147483647;
			files = (
				D148411E96041BDE5CB69668 /* Pods_WebRTCTestAppTests.framework in Frameworks */,
			);
			runOnlyForDeploymentPostprocessing = 0;
		};
		873014BD20D9EEB80057F875 /* Frameworks */ = {
			isa = PBXFrameworksBuildPhase;
			buildActionMask = 2147483647;
			files = (
				FFCAE987E578AE500B07161F /* Pods_WebRTCTestAppUITests.framework in Frameworks */,
			);
			runOnlyForDeploymentPostprocessing = 0;
		};
/* End PBXFrameworksBuildPhase section */

/* Begin PBXGroup section */
		19522ED54850CAE575F6EC1A /* Pods */ = {
			isa = PBXGroup;
			children = (
				354CFBCE690509E139D245CC /* Pods-WebRTCTestApp.debug.xcconfig */,
				23B1E60968CC122B07366D5C /* Pods-WebRTCTestApp.release.xcconfig */,
				94884E371CEC9B53203B1812 /* Pods-WebRTCTestAppTests.debug.xcconfig */,
				937C45A7A4CFC216E015C7DC /* Pods-WebRTCTestAppTests.release.xcconfig */,
				A48B99AF6D74A37A8CF4E7B1 /* Pods-WebRTCTestAppUITests.debug.xcconfig */,
				435AC6F9C6E7ED46B96E153E /* Pods-WebRTCTestAppUITests.release.xcconfig */,
			);
			name = Pods;
			sourceTree = "<group>";
		};
		73A00B727D9136A21620076F /* Frameworks */ = {
			isa = PBXGroup;
			children = (
				83915666F534875F0D952541 /* Pods_WebRTCTestApp.framework */,
				CFAF257377DAA74E638A0AB7 /* Pods_WebRTCTestAppTests.framework */,
				3107A08CA61C80105DEC7490 /* Pods_WebRTCTestAppUITests.framework */,
			);
			name = Frameworks;
			sourceTree = "<group>";
		};
		8730149820D9EEB60057F875 = {
			isa = PBXGroup;
			children = (
				873014A320D9EEB60057F875 /* WebRTCTestApp */,
				873014B820D9EEB80057F875 /* WebRTCTestAppTests */,
				873014C320D9EEB80057F875 /* WebRTCTestAppUITests */,
				873014A220D9EEB60057F875 /* Products */,
				19522ED54850CAE575F6EC1A /* Pods */,
				73A00B727D9136A21620076F /* Frameworks */,
			);
			sourceTree = "<group>";
		};
		873014A220D9EEB60057F875 /* Products */ = {
			isa = PBXGroup;
			children = (
				873014A120D9EEB60057F875 /* WebRTCTestApp.app */,
				873014B520D9EEB80057F875 /* WebRTCTestAppTests.xctest */,
				873014C020D9EEB80057F875 /* WebRTCTestAppUITests.xctest */,
			);
			name = Products;
			sourceTree = "<group>";
		};
		873014A320D9EEB60057F875 /* WebRTCTestApp */ = {
			isa = PBXGroup;
			children = (
				873014A420D9EEB60057F875 /* AppDelegate.swift */,
				873014A620D9EEB60057F875 /* ViewController.swift */,
				873014A820D9EEB60057F875 /* Main.storyboard */,
				873014AB20D9EEB80057F875 /* Assets.xcassets */,
				873014AD20D9EEB80057F875 /* LaunchScreen.storyboard */,
				873014B020D9EEB80057F875 /* Info.plist */,
			);
			path = WebRTCTestApp;
			sourceTree = "<group>";
		};
		873014B820D9EEB80057F875 /* WebRTCTestAppTests */ = {
			isa = PBXGroup;
			children = (
				873014B920D9EEB80057F875 /* WebRTCTestAppTests.swift */,
				873014BB20D9EEB80057F875 /* Info.plist */,
			);
			path = WebRTCTestAppTests;
			sourceTree = "<group>";
		};
		873014C320D9EEB80057F875 /* WebRTCTestAppUITests */ = {
			isa = PBXGroup;
			children = (
				873014C420D9EEB80057F875 /* WebRTCTestAppUITests.swift */,
				873014C620D9EEB80057F875 /* Info.plist */,
			);
			path = WebRTCTestAppUITests;
			sourceTree = "<group>";
		};
/* End PBXGroup section */

/* Begin PBXNativeTarget section */
		873014A020D9EEB60057F875 /* WebRTCTestApp */ = {
			isa = PBXNativeTarget;
			buildConfigurationList = 873014C920D9EEB80057F875 /* Build configuration list for PBXNativeTarget "WebRTCTestApp" */;
			buildPhases = (
				05EDD63BDE8176E7427C0E7D /* [CP] Check Pods Manifest.lock */,
				8730149D20D9EEB60057F875 /* Sources */,
				8730149E20D9EEB60057F875 /* Frameworks */,
				8730149F20D9EEB60057F875 /* Resources */,
				0CB082DE3F4FBC1A1DFC6DF1 /* [CP] Embed Pods Frameworks */,
			);
			buildRules = (
			);
			dependencies = (
			);
			name = WebRTCTestApp;
			productName = WebRTCTestApp;
			productReference = 873014A120D9EEB60057F875 /* WebRTCTestApp.app */;
			productType = "com.apple.product-type.application";
		};
		873014B420D9EEB80057F875 /* WebRTCTestAppTests */ = {
			isa = PBXNativeTarget;
			buildConfigurationList = 873014CC20D9EEB80057F875 /* Build configuration list for PBXNativeTarget "WebRTCTestAppTests" */;
			buildPhases = (
				319208691350D8A7F2DF4F16 /* [CP] Check Pods Manifest.lock */,
				873014B120D9EEB80057F875 /* Sources */,
				873014B220D9EEB80057F875 /* Frameworks */,
				873014B320D9EEB80057F875 /* Resources */,
			);
			buildRules = (
			);
			dependencies = (
				873014B720D9EEB80057F875 /* PBXTargetDependency */,
			);
			name = WebRTCTestAppTests;
			productName = WebRTCTestAppTests;
			productReference = 873014B520D9EEB80057F875 /* WebRTCTestAppTests.xctest */;
			productType = "com.apple.product-type.bundle.unit-test";
		};
		873014BF20D9EEB80057F875 /* WebRTCTestAppUITests */ = {
			isa = PBXNativeTarget;
			buildConfigurationList = 873014CF20D9EEB80057F875 /* Build configuration list for PBXNativeTarget "WebRTCTestAppUITests" */;
			buildPhases = (
				3F3055F1AAC480002350B8C3 /* [CP] Check Pods Manifest.lock */,
				873014BC20D9EEB80057F875 /* Sources */,
				873014BD20D9EEB80057F875 /* Frameworks */,
				873014BE20D9EEB80057F875 /* Resources */,
			);
			buildRules = (
			);
			dependencies = (
				873014C220D9EEB80057F875 /* PBXTargetDependency */,
			);
			name = WebRTCTestAppUITests;
			productName = WebRTCTestAppUITests;
			productReference = 873014C020D9EEB80057F875 /* WebRTCTestAppUITests.xctest */;
			productType = "com.apple.product-type.bundle.ui-testing";
		};
/* End PBXNativeTarget section */

/* Begin PBXProject section */
		8730149920D9EEB60057F875 /* Project object */ = {
			isa = PBXProject;
			attributes = {
				LastSwiftUpdateCheck = 0940;
				LastUpgradeCheck = 0940;
				ORGANIZATIONNAME = WebRTCTestApp;
				TargetAttributes = {
					873014A020D9EEB60057F875 = {
						CreatedOnToolsVersion = 9.4;
					};
					873014B420D9EEB80057F875 = {
						CreatedOnToolsVersion = 9.4;
						TestTargetID = 873014A020D9EEB60057F875;
					};
					873014BF20D9EEB80057F875 = {
						CreatedOnToolsVersion = 9.4;
						TestTargetID = 873014A020D9EEB60057F875;
					};
				};
			};
			buildConfigurationList = 8730149C20D9EEB60057F875 /* Build configuration list for PBXProject "WebRTCTestApp" */;
			compatibilityVersion = "Xcode 9.3";
			developmentRegion = en;
			hasScannedForEncodings = 0;
			knownRegions = (
				en,
				Base,
			);
			mainGroup = 8730149820D9EEB60057F875;
			productRefGroup = 873014A220D9EEB60057F875 /* Products */;
			projectDirPath = "";
			projectRoot = "";
			targets = (
				873014A020D9EEB60057F875 /* WebRTCTestApp */,
				873014B420D9EEB80057F875 /* WebRTCTestAppTests */,
				873014BF20D9EEB80057F875 /* WebRTCTestAppUITests */,
			);
		};
/* End PBXProject section */

/* Begin PBXResourcesBuildPhase section */
		8730149F20D9EEB60057F875 /* Resources */ = {
			isa = PBXResourcesBuildPhase;
			buildActionMask = 2147483647;
			files = (
				873014AF20D9EEB80057F875 /* LaunchScreen.storyboard in Resources */,
				873014AC20D9EEB80057F875 /* Assets.xcassets in Resources */,
				873014AA20D9EEB60057F875 /* Main.storyboard in Resources */,
			);
			runOnlyForDeploymentPostprocessing = 0;
		};
		873014B320D9EEB80057F875 /* Resources */ = {
			isa = PBXResourcesBuildPhase;
			buildActionMask = 2147483647;
			files = (
			);
			runOnlyForDeploymentPostprocessing = 0;
		};
		873014BE20D9EEB80057F875 /* Resources */ = {
			isa = PBXResourcesBuildPhase;
			buildActionMask = 2147483647;
			files = (
			);
			runOnlyForDeploymentPostprocessing = 0;
		};
/* End PBXResourcesBuildPhase section */

/* Begin PBXShellScriptBuildPhase section */
		05EDD63BDE8176E7427C0E7D /* [CP] Check Pods Manifest.lock */ = {
			isa = PBXShellScriptBuildPhase;
			buildActionMask = 2147483647;
			files = (
			);
			inputPaths = (
				"${PODS_PODFILE_DIR_PATH}/Podfile.lock",
				"${PODS_ROOT}/Manifest.lock",
			);
			name = "[CP] Check Pods Manifest.lock";
			outputPaths = (
				"$(DERIVED_FILE_DIR)/Pods-WebRTCTestApp-checkManifestLockResult.txt",
			);
			runOnlyForDeploymentPostprocessing = 0;
			shellPath = /bin/sh;
			shellScript = "diff \"${PODS_PODFILE_DIR_PATH}/Podfile.lock\" \"${PODS_ROOT}/Manifest.lock\" > /dev/null\nif [ $? != 0 ] ; then\n    # print error to STDERR\n    echo \"error: The sandbox is not in sync with the Podfile.lock. Run 'pod install' or update your CocoaPods installation.\" >&2\n    exit 1\nfi\n# This output is used by Xcode 'outputs' to avoid re-running this script phase.\necho \"SUCCESS\" > \"${SCRIPT_OUTPUT_FILE_0}\"\n";
			showEnvVarsInLog = 0;
		};
		0CB082DE3F4FBC1A1DFC6DF1 /* [CP] Embed Pods Frameworks */ = {
			isa = PBXShellScriptBuildPhase;
			buildActionMask = 2147483647;
			files = (
			);
			inputPaths = (
				"${SRCROOT}/Pods/Target Support Files/Pods-WebRTCTestApp/Pods-WebRTCTestApp-frameworks.sh",
				"${PODS_ROOT}/GoogleWebRTC/Frameworks/frameworks/WebRTC.framework",
			);
			name = "[CP] Embed Pods Frameworks";
			outputPaths = (
				"${TARGET_BUILD_DIR}/${FRAMEWORKS_FOLDER_PATH}/WebRTC.framework",
			);
			runOnlyForDeploymentPostprocessing = 0;
			shellPath = /bin/sh;
			shellScript = "\"${SRCROOT}/Pods/Target Support Files/Pods-WebRTCTestApp/Pods-WebRTCTestApp-frameworks.sh\"\n";
			showEnvVarsInLog = 0;
		};
		319208691350D8A7F2DF4F16 /* [CP] Check Pods Manifest.lock */ = {
			isa = PBXShellScriptBuildPhase;
			buildActionMask = 2147483647;
			files = (
			);
			inputPaths = (
				"${PODS_PODFILE_DIR_PATH}/Podfile.lock",
				"${PODS_ROOT}/Manifest.lock",
			);
			name = "[CP] Check Pods Manifest.lock";
			outputPaths = (
				"$(DERIVED_FILE_DIR)/Pods-WebRTCTestAppTests-checkManifestLockResult.txt",
			);
			runOnlyForDeploymentPostprocessing = 0;
			shellPath = /bin/sh;
			shellScript = "diff \"${PODS_PODFILE_DIR_PATH}/Podfile.lock\" \"${PODS_ROOT}/Manifest.lock\" > /dev/null\nif [ $? != 0 ] ; then\n    # print error to STDERR\n    echo \"error: The sandbox is not in sync with the Podfile.lock. Run 'pod install' or update your CocoaPods installation.\" >&2\n    exit 1\nfi\n# This output is used by Xcode 'outputs' to avoid re-running this script phase.\necho \"SUCCESS\" > \"${SCRIPT_OUTPUT_FILE_0}\"\n";
			showEnvVarsInLog = 0;
		};
		3F3055F1AAC480002350B8C3 /* [CP] Check Pods Manifest.lock */ = {
			isa = PBXShellScriptBuildPhase;
			buildActionMask = 2147483647;
			files = (
			);
			inputPaths = (
				"${PODS_PODFILE_DIR_PATH}/Podfile.lock",
				"${PODS_ROOT}/Manifest.lock",
			);
			name = "[CP] Check Pods Manifest.lock";
			outputPaths = (
				"$(DERIVED_FILE_DIR)/Pods-WebRTCTestAppUITests-checkManifestLockResult.txt",
			);
			runOnlyForDeploymentPostprocessing = 0;
			shellPath = /bin/sh;
			shellScript = "diff \"${PODS_PODFILE_DIR_PATH}/Podfile.lock\" \"${PODS_ROOT}/Manifest.lock\" > /dev/null\nif [ $? != 0 ] ; then\n    # print error to STDERR\n    echo \"error: The sandbox is not in sync with the Podfile.lock. Run 'pod install' or update your CocoaPods installation.\" >&2\n    exit 1\nfi\n# This output is used by Xcode 'outputs' to avoid re-running this script phase.\necho \"SUCCESS\" > \"${SCRIPT_OUTPUT_FILE_0}\"\n";
			showEnvVarsInLog = 0;
		};
/* End PBXShellScriptBuildPhase section */

/* Begin PBXSourcesBuildPhase section */
		8730149D20D9EEB60057F875 /* Sources */ = {
			isa = PBXSourcesBuildPhase;
			buildActionMask = 2147483647;
			files = (
				873014A720D9EEB60057F875 /* ViewController.swift in Sources */,
				873014A520D9EEB60057F875 /* AppDelegate.swift in Sources */,
			);
			runOnlyForDeploymentPostprocessing = 0;
		};
		873014B120D9EEB80057F875 /* Sources */ = {
			isa = PBXSourcesBuildPhase;
			buildActionMask = 2147483647;
			files = (
				873014BA20D9EEB80057F875 /* WebRTCTestAppTests.swift in Sources */,
			);
			runOnlyForDeploymentPostprocessing = 0;
		};
		873014BC20D9EEB80057F875 /* Sources */ = {
			isa = PBXSourcesBuildPhase;
			buildActionMask = 2147483647;
			files = (
				873014C520D9EEB80057F875 /* WebRTCTestAppUITests.swift in Sources */,
			);
			runOnlyForDeploymentPostprocessing = 0;
		};
/* End PBXSourcesBuildPhase section */

/* Begin PBXTargetDependency section */
		873014B720D9EEB80057F875 /* PBXTargetDependency */ = {
			isa = PBXTargetDependency;
			target = 873014A020D9EEB60057F875 /* WebRTCTestApp */;
			targetProxy = 873014B620D9EEB80057F875 /* PBXContainerItemProxy */;
		};
		873014C220D9EEB80057F875 /* PBXTargetDependency */ = {
			isa = PBXTargetDependency;
			target = 873014A020D9EEB60057F875 /* WebRTCTestApp */;
			targetProxy = 873014C120D9EEB80057F875 /* PBXContainerItemProxy */;
		};
/* End PBXTargetDependency section */

/* Begin PBXVariantGroup section */
		873014A820D9EEB60057F875 /* Main.storyboard */ = {
			isa = PBXVariantGroup;
			children = (
				873014A920D9EEB60057F875 /* Base */,
			);
			name = Main.storyboard;
			sourceTree = "<group>";
		};
		873014AD20D9EEB80057F875 /* LaunchScreen.storyboard */ = {
			isa = PBXVariantGroup;
			children = (
				873014AE20D9EEB80057F875 /* Base */,
			);
			name = LaunchScreen.storyboard;
			sourceTree = "<group>";
		};
/* End PBXVariantGroup section */

/* Begin XCBuildConfiguration section */
		873014C720D9EEB80057F875 /* Debug */ = {
			isa = XCBuildConfiguration;
			buildSettings = {
				ALWAYS_SEARCH_USER_PATHS = NO;
				CLANG_ANALYZER_NONNULL = YES;
				CLANG_ANALYZER_NUMBER_OBJECT_CONVERSION = YES_AGGRESSIVE;
				CLANG_CXX_LANGUAGE_STANDARD = "gnu++14";
				CLANG_CXX_LIBRARY = "libc++";
				CLANG_ENABLE_MODULES = YES;
				CLANG_ENABLE_OBJC_ARC = YES;
				CLANG_ENABLE_OBJC_WEAK = YES;
				CLANG_WARN_BLOCK_CAPTURE_AUTORELEASING = YES;
				CLANG_WARN_BOOL_CONVERSION = YES;
				CLANG_WARN_COMMA = YES;
				CLANG_WARN_CONSTANT_CONVERSION = YES;
				CLANG_WARN_DEPRECATED_OBJC_IMPLEMENTATIONS = YES;
				CLANG_WARN_DIRECT_OBJC_ISA_USAGE = YES_ERROR;
				CLANG_WARN_DOCUMENTATION_COMMENTS = YES;
				CLANG_WARN_EMPTY_BODY = YES;
				CLANG_WARN_ENUM_CONVERSION = YES;
				CLANG_WARN_INFINITE_RECURSION = YES;
				CLANG_WARN_INT_CONVERSION = YES;
				CLANG_WARN_NON_LITERAL_NULL_CONVERSION = YES;
				CLANG_WARN_OBJC_IMPLICIT_RETAIN_SELF = YES;
				CLANG_WARN_OBJC_LITERAL_CONVERSION = YES;
				CLANG_WARN_OBJC_ROOT_CLASS = YES_ERROR;
				CLANG_WARN_RANGE_LOOP_ANALYSIS = YES;
				CLANG_WARN_STRICT_PROTOTYPES = YES;
				CLANG_WARN_SUSPICIOUS_MOVE = YES;
				CLANG_WARN_UNGUARDED_AVAILABILITY = YES_AGGRESSIVE;
				CLANG_WARN_UNREACHABLE_CODE = YES;
				CLANG_WARN__DUPLICATE_METHOD_MATCH = YES;
				CODE_SIGN_IDENTITY = "iPhone Developer";
				COPY_PHASE_STRIP = NO;
				DEBUG_INFORMATION_FORMAT = dwarf;
				ENABLE_STRICT_OBJC_MSGSEND = YES;
				ENABLE_TESTABILITY = YES;
				GCC_C_LANGUAGE_STANDARD = gnu11;
				GCC_DYNAMIC_NO_PIC = NO;
				GCC_NO_COMMON_BLOCKS = YES;
				GCC_OPTIMIZATION_LEVEL = 0;
				GCC_PREPROCESSOR_DEFINITIONS = (
					"DEBUG=1",
					"$(inherited)",
				);
				GCC_WARN_64_TO_32_BIT_CONVERSION = YES;
				GCC_WARN_ABOUT_RETURN_TYPE = YES_ERROR;
				GCC_WARN_UNDECLARED_SELECTOR = YES;
				GCC_WARN_UNINITIALIZED_AUTOS = YES_AGGRESSIVE;
				GCC_WARN_UNUSED_FUNCTION = YES;
				GCC_WARN_UNUSED_VARIABLE = YES;
				IPHONEOS_DEPLOYMENT_TARGET = 11.4;
				MTL_ENABLE_DEBUG_INFO = YES;
				ONLY_ACTIVE_ARCH = YES;
				SDKROOT = iphoneos;
				SWIFT_ACTIVE_COMPILATION_CONDITIONS = DEBUG;
				SWIFT_OPTIMIZATION_LEVEL = "-Onone";
			};
			name = Debug;
		};
		873014C820D9EEB80057F875 /* Release */ = {
			isa = XCBuildConfiguration;
			buildSettings = {
				ALWAYS_SEARCH_USER_PATHS = NO;
				CLANG_ANALYZER_NONNULL = YES;
				CLANG_ANALYZER_NUMBER_OBJECT_CONVERSION = YES_AGGRESSIVE;
				CLANG_CXX_LANGUAGE_STANDARD = "gnu++14";
				CLANG_CXX_LIBRARY = "libc++";
				CLANG_ENABLE_MODULES = YES;
				CLANG_ENABLE_OBJC_ARC = YES;
				CLANG_ENABLE_OBJC_WEAK = YES;
				CLANG_WARN_BLOCK_CAPTURE_AUTORELEASING = YES;
				CLANG_WARN_BOOL_CONVERSION = YES;
				CLANG_WARN_COMMA = YES;
				CLANG_WARN_CONSTANT_CONVERSION = YES;
				CLANG_WARN_DEPRECATED_OBJC_IMPLEMENTATIONS = YES;
				CLANG_WARN_DIRECT_OBJC_ISA_USAGE = YES_ERROR;
				CLANG_WARN_DOCUMENTATION_COMMENTS = YES;
				CLANG_WARN_EMPTY_BODY = YES;
				CLANG_WARN_ENUM_CONVERSION = YES;
				CLANG_WARN_INFINITE_RECURSION = YES;
				CLANG_WARN_INT_CONVERSION = YES;
				CLANG_WARN_NON_LITERAL_NULL_CONVERSION = YES;
				CLANG_WARN_OBJC_IMPLICIT_RETAIN_SELF = YES;
				CLANG_WARN_OBJC_LITERAL_CONVERSION = YES;
				CLANG_WARN_OBJC_ROOT_CLASS = YES_ERROR;
				CLANG_WARN_RANGE_LOOP_ANALYSIS = YES;
				CLANG_WARN_STRICT_PROTOTYPES = YES;
				CLANG_WARN_SUSPICIOUS_MOVE = YES;
				CLANG_WARN_UNGUARDED_AVAILABILITY = YES_AGGRESSIVE;
				CLANG_WARN_UNREACHABLE_CODE = YES;
				CLANG_WARN__DUPLICATE_METHOD_MATCH = YES;
				CODE_SIGN_IDENTITY = "iPhone Developer";
				COPY_PHASE_STRIP = NO;
				DEBUG_INFORMATION_FORMAT = "dwarf-with-dsym";
				ENABLE_NS_ASSERTIONS = NO;
				ENABLE_STRICT_OBJC_MSGSEND = YES;
				GCC_C_LANGUAGE_STANDARD = gnu11;
				GCC_NO_COMMON_BLOCKS = YES;
				GCC_WARN_64_TO_32_BIT_CONVERSION = YES;
				GCC_WARN_ABOUT_RETURN_TYPE = YES_ERROR;
				GCC_WARN_UNDECLARED_SELECTOR = YES;
				GCC_WARN_UNINITIALIZED_AUTOS = YES_AGGRESSIVE;
				GCC_WARN_UNUSED_FUNCTION = YES;
				GCC_WARN_UNUSED_VARIABLE = YES;
				IPHONEOS_DEPLOYMENT_TARGET = 11.4;
				MTL_ENABLE_DEBUG_INFO = NO;
				SDKROOT = iphoneos;
				SWIFT_COMPILATION_MODE = wholemodule;
				SWIFT_OPTIMIZATION_LEVEL = "-O";
				VALIDATE_PRODUCT = YES;
			};
			name = Release;
		};
		873014CA20D9EEB80057F875 /* Debug */ = {
			isa = XCBuildConfiguration;
			baseConfigurationReference = 354CFBCE690509E139D245CC /* Pods-WebRTCTestApp.debug.xcconfig */;
			buildSettings = {
				ASSETCATALOG_COMPILER_APPICON_NAME = AppIcon;
				CODE_SIGN_STYLE = Automatic;
				DEVELOPMENT_TEAM = JDNUEKA6AF;
				ENABLE_BITCODE = NO;
				INFOPLIST_FILE = WebRTCTestApp/Info.plist;
				IPHONEOS_DEPLOYMENT_TARGET = 10.0;
				LD_RUNPATH_SEARCH_PATHS = (
					"$(inherited)",
					"@executable_path/Frameworks",
				);
				PRODUCT_BUNDLE_IDENTIFIER = WebRTCTestApp.WebRTCTestApp;
				PRODUCT_NAME = "$(TARGET_NAME)";
				SWIFT_VERSION = 4.0;
				TARGETED_DEVICE_FAMILY = "1,2";
			};
			name = Debug;
		};
		873014CB20D9EEB80057F875 /* Release */ = {
			isa = XCBuildConfiguration;
			baseConfigurationReference = 23B1E60968CC122B07366D5C /* Pods-WebRTCTestApp.release.xcconfig */;
			buildSettings = {
				ASSETCATALOG_COMPILER_APPICON_NAME = AppIcon;
				CODE_SIGN_STYLE = Automatic;
				DEVELOPMENT_TEAM = JDNUEKA6AF;
				ENABLE_BITCODE = NO;
				INFOPLIST_FILE = WebRTCTestApp/Info.plist;
				IPHONEOS_DEPLOYMENT_TARGET = 10.0;
				LD_RUNPATH_SEARCH_PATHS = (
					"$(inherited)",
					"@executable_path/Frameworks",
				);
				PRODUCT_BUNDLE_IDENTIFIER = WebRTCTestApp.WebRTCTestApp;
				PRODUCT_NAME = "$(TARGET_NAME)";
				SWIFT_VERSION = 4.0;
				TARGETED_DEVICE_FAMILY = "1,2";
			};
			name = Release;
		};
		873014CD20D9EEB80057F875 /* Debug */ = {
			isa = XCBuildConfiguration;
			baseConfigurationReference = 94884E371CEC9B53203B1812 /* Pods-WebRTCTestAppTests.debug.xcconfig */;
			buildSettings = {
				ALWAYS_EMBED_SWIFT_STANDARD_LIBRARIES = YES;
				BUNDLE_LOADER = "$(TEST_HOST)";
				CODE_SIGN_STYLE = Automatic;
				DEVELOPMENT_TEAM = JDNUEKA6AF;
				INFOPLIST_FILE = WebRTCTestAppTests/Info.plist;
				LD_RUNPATH_SEARCH_PATHS = (
					"$(inherited)",
					"@executable_path/Frameworks",
					"@loader_path/Frameworks",
				);
				PRODUCT_BUNDLE_IDENTIFIER = WebRTCTestApp.WebRTCTestAppTests;
				PRODUCT_NAME = "$(TARGET_NAME)";
				SWIFT_VERSION = 4.0;
				TARGETED_DEVICE_FAMILY = "1,2";
				TEST_HOST = "$(BUILT_PRODUCTS_DIR)/WebRTCTestApp.app/WebRTCTestApp";
			};
			name = Debug;
		};
		873014CE20D9EEB80057F875 /* Release */ = {
			isa = XCBuildConfiguration;
			baseConfigurationReference = 937C45A7A4CFC216E015C7DC /* Pods-WebRTCTestAppTests.release.xcconfig */;
			buildSettings = {
				ALWAYS_EMBED_SWIFT_STANDARD_LIBRARIES = YES;
				BUNDLE_LOADER = "$(TEST_HOST)";
				CODE_SIGN_STYLE = Automatic;
				DEVELOPMENT_TEAM = JDNUEKA6AF;
				INFOPLIST_FILE = WebRTCTestAppTests/Info.plist;
				LD_RUNPATH_SEARCH_PATHS = (
					"$(inherited)",
					"@executable_path/Frameworks",
					"@loader_path/Frameworks",
				);
				PRODUCT_BUNDLE_IDENTIFIER = WebRTCTestApp.WebRTCTestAppTests;
				PRODUCT_NAME = "$(TARGET_NAME)";
				SWIFT_VERSION = 4.0;
				TARGETED_DEVICE_FAMILY = "1,2";
				TEST_HOST = "$(BUILT_PRODUCTS_DIR)/WebRTCTestApp.app/WebRTCTestApp";
			};
			name = Release;
		};
		873014D020D9EEB80057F875 /* Debug */ = {
			isa = XCBuildConfiguration;
			baseConfigurationReference = A48B99AF6D74A37A8CF4E7B1 /* Pods-WebRTCTestAppUITests.debug.xcconfig */;
			buildSettings = {
				ALWAYS_EMBED_SWIFT_STANDARD_LIBRARIES = YES;
				CODE_SIGN_STYLE = Automatic;
				DEVELOPMENT_TEAM = JDNUEKA6AF;
				INFOPLIST_FILE = WebRTCTestAppUITests/Info.plist;
				LD_RUNPATH_SEARCH_PATHS = (
					"$(inherited)",
					"@executable_path/Frameworks",
					"@loader_path/Frameworks",
				);
				PRODUCT_BUNDLE_IDENTIFIER = WebRTCTestApp.WebRTCTestAppUITests;
				PRODUCT_NAME = "$(TARGET_NAME)";
				SWIFT_VERSION = 4.0;
				TARGETED_DEVICE_FAMILY = "1,2";
				TEST_TARGET_NAME = WebRTCTestApp;
			};
			name = Debug;
		};
		873014D120D9EEB80057F875 /* Release */ = {
			isa = XCBuildConfiguration;
			baseConfigurationReference = 435AC6F9C6E7ED46B96E153E /* Pods-WebRTCTestAppUITests.release.xcconfig */;
			buildSettings = {
				ALWAYS_EMBED_SWIFT_STANDARD_LIBRARIES = YES;
				CODE_SIGN_STYLE = Automatic;
				DEVELOPMENT_TEAM = JDNUEKA6AF;
				INFOPLIST_FILE = WebRTCTestAppUITests/Info.plist;
				LD_RUNPATH_SEARCH_PATHS = (
					"$(inherited)",
					"@executable_path/Frameworks",
					"@loader_path/Frameworks",
				);
				PRODUCT_BUNDLE_IDENTIFIER = WebRTCTestApp.WebRTCTestAppUITests;
				PRODUCT_NAME = "$(TARGET_NAME)";
				SWIFT_VERSION = 4.0;
				TARGETED_DEVICE_FAMILY = "1,2";
				TEST_TARGET_NAME = WebRTCTestApp;
			};
			name = Release;
		};
/* End XCBuildConfiguration section */

/* Begin XCConfigurationList section */
		8730149C20D9EEB60057F875 /* Build configuration list for PBXProject "WebRTCTestApp" */ = {
			isa = XCConfigurationList;
			buildConfigurations = (
				873014C720D9EEB80057F875 /* Debug */,
				873014C820D9EEB80057F875 /* Release */,
			);
			defaultConfigurationIsVisible = 0;
			defaultConfigurationName = Release;
		};
		873014C920D9EEB80057F875 /* Build configuration list for PBXNativeTarget "WebRTCTestApp" */ = {
			isa = XCConfigurationList;
			buildConfigurations = (
				873014CA20D9EEB80057F875 /* Debug */,
				873014CB20D9EEB80057F875 /* Release */,
			);
			defaultConfigurationIsVisible = 0;
			defaultConfigurationName = Release;
		};
		873014CC20D9EEB80057F875 /* Build configuration list for PBXNativeTarget "WebRTCTestAppTests" */ = {
			isa = XCConfigurationList;
			buildConfigurations = (
				873014CD20D9EEB80057F875 /* Debug */,
				873014CE20D9EEB80057F875 /* Release */,
			);
			defaultConfigurationIsVisible = 0;
			defaultConfigurationName = Release;
		};
		873014CF20D9EEB80057F875 /* Build configuration list for PBXNativeTarget "WebRTCTestAppUITests" */ = {
			isa = XCConfigurationList;
			buildConfigurations = (
				873014D020D9EEB80057F875 /* Debug */,
				873014D120D9EEB80057F875 /* Release */,
			);
			defaultConfigurationIsVisible = 0;
			defaultConfigurationName = Release;
		};
/* End XCConfigurationList section */
	};
	rootObject = 8730149920D9EEB60057F875 /* Project object */;
}
